// !$*UTF8*$!
{
	archiveVersion = 1;
	classes = {
	};
	objectVersion = 50;
	objects = {

/* Begin PBXBuildFile section */
		D9F1A9AE25939BBB002F6D1E /* AppDelegate.swift in Sources */ = {isa = PBXBuildFile; fileRef = D9F1A9AD25939BBB002F6D1E /* AppDelegate.swift */; };
		D9F1A9B025939BBB002F6D1E /* SceneDelegate.swift in Sources */ = {isa = PBXBuildFile; fileRef = D9F1A9AF25939BBB002F6D1E /* SceneDelegate.swift */; };
		D9F1A9B225939BBB002F6D1E /* ViewController.swift in Sources */ = {isa = PBXBuildFile; fileRef = D9F1A9B125939BBB002F6D1E /* ViewController.swift */; };
		D9F1A9B525939BBB002F6D1E /* Main.storyboard in Resources */ = {isa = PBXBuildFile; fileRef = D9F1A9B325939BBB002F6D1E /* Main.storyboard */; };
		D9F1A9B725939BC3002F6D1E /* Assets.xcassets in Resources */ = {isa = PBXBuildFile; fileRef = D9F1A9B625939BC3002F6D1E /* Assets.xcassets */; };
		D9F1A9BA25939BC3002F6D1E /* LaunchScreen.storyboard in Resources */ = {isa = PBXBuildFile; fileRef = D9F1A9B825939BC3002F6D1E /* LaunchScreen.storyboard */; };
		D9F1A9C525939BC3002F6D1E /* CodeChallengeTests.swift in Sources */ = {isa = PBXBuildFile; fileRef = D9F1A9C425939BC3002F6D1E /* CodeChallengeTests.swift */; };
/* End PBXBuildFile section */

/* Begin PBXContainerItemProxy section */
		D9F1A9C125939BC3002F6D1E /* PBXContainerItemProxy */ = {
			isa = PBXContainerItemProxy;
			containerPortal = D9F1A9A225939BBB002F6D1E /* Project object */;
			proxyType = 1;
			remoteGlobalIDString = D9F1A9A925939BBB002F6D1E;
			remoteInfo = CodeChallenge;
		};
/* End PBXContainerItemProxy section */

/* Begin PBXFileReference section */
		D9F1A9AA25939BBB002F6D1E /* CodeChallenge.app */ = {isa = PBXFileReference; explicitFileType = wrapper.application; includeInIndex = 0; path = CodeChallenge.app; sourceTree = BUILT_PRODUCTS_DIR; };
		D9F1A9AD25939BBB002F6D1E /* AppDelegate.swift */ = {isa = PBXFileReference; lastKnownFileType = sourcecode.swift; path = AppDelegate.swift; sourceTree = "<group>"; };
		D9F1A9AF25939BBB002F6D1E /* SceneDelegate.swift */ = {isa = PBXFileReference; lastKnownFileType = sourcecode.swift; path = SceneDelegate.swift; sourceTree = "<group>"; };
		D9F1A9B125939BBB002F6D1E /* ViewController.swift */ = {isa = PBXFileReference; lastKnownFileType = sourcecode.swift; path = ViewController.swift; sourceTree = "<group>"; };
		D9F1A9B425939BBB002F6D1E /* Base */ = {isa = PBXFileReference; lastKnownFileType = file.storyboard; name = Base; path = Base.lproj/Main.storyboard; sourceTree = "<group>"; };
		D9F1A9B625939BC3002F6D1E /* Assets.xcassets */ = {isa = PBXFileReference; lastKnownFileType = folder.assetcatalog; path = Assets.xcassets; sourceTree = "<group>"; };
		D9F1A9B925939BC3002F6D1E /* Base */ = {isa = PBXFileReference; lastKnownFileType = file.storyboard; name = Base; path = Base.lproj/LaunchScreen.storyboard; sourceTree = "<group>"; };
		D9F1A9BB25939BC3002F6D1E /* Info.plist */ = {isa = PBXFileReference; lastKnownFileType = text.plist.xml; path = Info.plist; sourceTree = "<group>"; };
		D9F1A9C025939BC3002F6D1E /* CodeChallengeTests.xctest */ = {isa = PBXFileReference; explicitFileType = wrapper.cfbundle; includeInIndex = 0; path = CodeChallengeTests.xctest; sourceTree = BUILT_PRODUCTS_DIR; };
		D9F1A9C425939BC3002F6D1E /* CodeChallengeTests.swift */ = {isa = PBXFileReference; lastKnownFileType = sourcecode.swift; path = CodeChallengeTests.swift; sourceTree = "<group>"; };
		D9F1A9C625939BC3002F6D1E /* Info.plist */ = {isa = PBXFileReference; lastKnownFileType = text.plist.xml; path = Info.plist; sourceTree = "<group>"; };
/* End PBXFileReference section */

/* Begin PBXFrameworksBuildPhase section */
		D9F1A9A725939BBB002F6D1E /* Frameworks */ = {
			isa = PBXFrameworksBuildPhase;
			buildActionMask = 2147483647;
			files = (
			);
			runOnlyForDeploymentPostprocessing = 0;
		};
		D9F1A9BD25939BC3002F6D1E /* Frameworks */ = {
			isa = PBXFrameworksBuildPhase;
			buildActionMask = 2147483647;
			files = (
			);
			runOnlyForDeploymentPostprocessing = 0;
		};
/* End PBXFrameworksBuildPhase section */

/* Begin PBXGroup section */
		D9F1A9A125939BBB002F6D1E = {
			isa = PBXGroup;
			children = (
				D9F1A9AC25939BBB002F6D1E /* CodeChallenge */,
				D9F1A9C325939BC3002F6D1E /* CodeChallengeTests */,
				D9F1A9AB25939BBB002F6D1E /* Products */,
			);
			sourceTree = "<group>";
		};
		D9F1A9AB25939BBB002F6D1E /* Products */ = {
			isa = PBXGroup;
			children = (
				D9F1A9AA25939BBB002F6D1E /* CodeChallenge.app */,
				D9F1A9C025939BC3002F6D1E /* CodeChallengeTests.xctest */,
			);
			name = Products;
			sourceTree = "<group>";
		};
		D9F1A9AC25939BBB002F6D1E /* CodeChallenge */ = {
			isa = PBXGroup;
			children = (
				D9F1A9AD25939BBB002F6D1E /* AppDelegate.swift */,
				D9F1A9AF25939BBB002F6D1E /* SceneDelegate.swift */,
				D9F1A9B125939BBB002F6D1E /* ViewController.swift */,
				D9F1A9B325939BBB002F6D1E /* Main.storyboard */,
				D9F1A9B625939BC3002F6D1E /* Assets.xcassets */,
				D9F1A9B825939BC3002F6D1E /* LaunchScreen.storyboard */,
				D9F1A9BB25939BC3002F6D1E /* Info.plist */,
			);
			path = CodeChallenge;
			sourceTree = "<group>";
		};
		D9F1A9C325939BC3002F6D1E /* CodeChallengeTests */ = {
			isa = PBXGroup;
			children = (
				D9F1A9C425939BC3002F6D1E /* CodeChallengeTests.swift */,
				D9F1A9C625939BC3002F6D1E /* Info.plist */,
			);
			path = CodeChallengeTests;
			sourceTree = "<group>";
		};
/* End PBXGroup section */

/* Begin PBXNativeTarget section */
		D9F1A9A925939BBB002F6D1E /* CodeChallenge */ = {
			isa = PBXNativeTarget;
			buildConfigurationList = D9F1A9C925939BC3002F6D1E /* Build configuration list for PBXNativeTarget "CodeChallenge" */;
			buildPhases = (
				D9F1A9A625939BBB002F6D1E /* Sources */,
				D9F1A9A725939BBB002F6D1E /* Frameworks */,
				D9F1A9A825939BBB002F6D1E /* Resources */,
			);
			buildRules = (
			);
			dependencies = (
			);
			name = CodeChallenge;
			productName = CodeChallenge;
			productReference = D9F1A9AA25939BBB002F6D1E /* CodeChallenge.app */;
			productType = "com.apple.product-type.application";
		};
		D9F1A9BF25939BC3002F6D1E /* CodeChallengeTests */ = {
			isa = PBXNativeTarget;
			buildConfigurationList = D9F1A9CC25939BC3002F6D1E /* Build configuration list for PBXNativeTarget "CodeChallengeTests" */;
			buildPhases = (
				D9F1A9BC25939BC3002F6D1E /* Sources */,
				D9F1A9BD25939BC3002F6D1E /* Frameworks */,
				D9F1A9BE25939BC3002F6D1E /* Resources */,
			);
			buildRules = (
			);
			dependencies = (
				D9F1A9C225939BC3002F6D1E /* PBXTargetDependency */,
			);
			name = CodeChallengeTests;
			productName = CodeChallengeTests;
			productReference = D9F1A9C025939BC3002F6D1E /* CodeChallengeTests.xctest */;
			productType = "com.apple.product-type.bundle.unit-test";
		};
/* End PBXNativeTarget section */

/* Begin PBXProject section */
		D9F1A9A225939BBB002F6D1E /* Project object */ = {
			isa = PBXProject;
			attributes = {
				LastSwiftUpdateCheck = 1150;
				LastUpgradeCheck = 1150;
				ORGANIZATIONNAME = "mohamed Elhamoly";
				TargetAttributes = {
					D9F1A9A925939BBB002F6D1E = {
						CreatedOnToolsVersion = 11.5;
					};
					D9F1A9BF25939BC3002F6D1E = {
						CreatedOnToolsVersion = 11.5;
						TestTargetID = D9F1A9A925939BBB002F6D1E;
					};
				};
			};
			buildConfigurationList = D9F1A9A525939BBB002F6D1E /* Build configuration list for PBXProject "CodeChallenge" */;
			compatibilityVersion = "Xcode 9.3";
			developmentRegion = en;
			hasScannedForEncodings = 0;
			knownRegions = (
				en,
				Base,
			);
			mainGroup = D9F1A9A125939BBB002F6D1E;
			productRefGroup = D9F1A9AB25939BBB002F6D1E /* Products */;
			projectDirPath = "";
			projectRoot = "";
			targets = (
				D9F1A9A925939BBB002F6D1E /* CodeChallenge */,
				D9F1A9BF25939BC3002F6D1E /* CodeChallengeTests */,
			);
		};
/* End PBXProject section */

/* Begin PBXResourcesBuildPhase section */
		D9F1A9A825939BBB002F6D1E /* Resources */ = {
			isa = PBXResourcesBuildPhase;
			buildActionMask = 2147483647;
			files = (
				D9F1A9BA25939BC3002F6D1E /* LaunchScreen.storyboard in Resources */,
				D9F1A9B725939BC3002F6D1E /* Assets.xcassets in Resources */,
				D9F1A9B525939BBB002F6D1E /* Main.storyboard in Resources */,
			);
			runOnlyForDeploymentPostprocessing = 0;
		};
		D9F1A9BE25939BC3002F6D1E /* Resources */ = {
			isa = PBXResourcesBuildPhase;
			buildActionMask = 2147483647;
			files = (
			);
			runOnlyForDeploymentPostprocessing = 0;
		};
/* End PBXResourcesBuildPhase section */

/* Begin PBXSourcesBuildPhase section */
		D9F1A9A625939BBB002F6D1E /* Sources */ = {
			isa = PBXSourcesBuildPhase;
			buildActionMask = 2147483647;
			files = (
				D9F1A9B225939BBB002F6D1E /* ViewController.swift in Sources */,
				D9F1A9AE25939BBB002F6D1E /* AppDelegate.swift in Sources */,
				D9F1A9B025939BBB002F6D1E /* SceneDelegate.swift in Sources */,
			);
			runOnlyForDeploymentPostprocessing = 0;
		};
		D9F1A9BC25939BC3002F6D1E /* Sources */ = {
			isa = PBXSourcesBuildPhase;
			buildActionMask = 2147483647;
			files = (
				D9F1A9C525939BC3002F6D1E /* CodeChallengeTests.swift in Sources */,
			);
			runOnlyForDeploymentPostprocessing = 0;
		};
/* End PBXSourcesBuildPhase section */

/* Begin PBXTargetDependency section */
		D9F1A9C225939BC3002F6D1E /* PBXTargetDependency */ = {
			isa = PBXTargetDependency;
			target = D9F1A9A925939BBB002F6D1E /* CodeChallenge */;
			targetProxy = D9F1A9C125939BC3002F6D1E /* PBXContainerItemProxy */;
		};
/* End PBXTargetDependency section */

/* Begin PBXVariantGroup section */
		D9F1A9B325939BBB002F6D1E /* Main.storyboard */ = {
			isa = PBXVariantGroup;
			children = (
				D9F1A9B425939BBB002F6D1E /* Base */,
			);
			name = Main.storyboard;
			sourceTree = "<group>";
		};
		D9F1A9B825939BC3002F6D1E /* LaunchScreen.storyboard */ = {
			isa = PBXVariantGroup;
			children = (
				D9F1A9B925939BC3002F6D1E /* Base */,
			);
			name = LaunchScreen.storyboard;
			sourceTree = "<group>";
		};
/* End PBXVariantGroup section */

/* Begin XCBuildConfiguration section */
		D9F1A9C725939BC3002F6D1E /* Debug */ = {
			isa = XCBuildConfiguration;
			buildSettings = {
				ALWAYS_SEARCH_USER_PATHS = NO;
				CLANG_ANALYZER_NONNULL = YES;
				CLANG_ANALYZER_NUMBER_OBJECT_CONVERSION = YES_AGGRESSIVE;
				CLANG_CXX_LANGUAGE_STANDARD = "gnu++14";
				CLANG_CXX_LIBRARY = "libc++";
				CLANG_ENABLE_MODULES = YES;
				CLANG_ENABLE_OBJC_ARC = YES;
				CLANG_ENABLE_OBJC_WEAK = YES;
				CLANG_WARN_BLOCK_CAPTURE_AUTORELEASING = YES;
				CLANG_WARN_BOOL_CONVERSION = YES;
				CLANG_WARN_COMMA = YES;
				CLANG_WARN_CONSTANT_CONVERSION = YES;
				CLANG_WARN_DEPRECATED_OBJC_IMPLEMENTATIONS = YES;
				CLANG_WARN_DIRECT_OBJC_ISA_USAGE = YES_ERROR;
				CLANG_WARN_DOCUMENTATION_COMMENTS = YES;
				CLANG_WARN_EMPTY_BODY = YES;
				CLANG_WARN_ENUM_CONVERSION = YES;
				CLANG_WARN_INFINITE_RECURSION = YES;
				CLANG_WARN_INT_CONVERSION = YES;
				CLANG_WARN_NON_LITERAL_NULL_CONVERSION = YES;
				CLANG_WARN_OBJC_IMPLICIT_RETAIN_SELF = YES;
				CLANG_WARN_OBJC_LITERAL_CONVERSION = YES;
				CLANG_WARN_OBJC_ROOT_CLASS = YES_ERROR;
				CLANG_WARN_RANGE_LOOP_ANALYSIS = YES;
				CLANG_WARN_STRICT_PROTOTYPES = YES;
				CLANG_WARN_SUSPICIOUS_MOVE = YES;
				CLANG_WARN_UNGUARDED_AVAILABILITY = YES_AGGRESSIVE;
				CLANG_WARN_UNREACHABLE_CODE = YES;
				CLANG_WARN__DUPLICATE_METHOD_MATCH = YES;
				COPY_PHASE_STRIP = NO;
				DEBUG_INFORMATION_FORMAT = dwarf;
				ENABLE_STRICT_OBJC_MSGSEND = YES;
				ENABLE_TESTABILITY = YES;
				GCC_C_LANGUAGE_STANDARD = gnu11;
				GCC_DYNAMIC_NO_PIC = NO;
				GCC_NO_COMMON_BLOCKS = YES;
				GCC_OPTIMIZATION_LEVEL = 0;
				GCC_PREPROCESSOR_DEFINITIONS = (
					"DEBUG=1",
					"$(inherited)",
				);
				GCC_WARN_64_TO_32_BIT_CONVERSION = YES;
				GCC_WARN_ABOUT_RETURN_TYPE = YES_ERROR;
				GCC_WARN_UNDECLARED_SELECTOR = YES;
				GCC_WARN_UNINITIALIZED_AUTOS = YES_AGGRESSIVE;
				GCC_WARN_UNUSED_FUNCTION = YES;
				GCC_WARN_UNUSED_VARIABLE = YES;
				IPHONEOS_DEPLOYMENT_TARGET = 13.5;
				MTL_ENABLE_DEBUG_INFO = INCLUDE_SOURCE;
				MTL_FAST_MATH = YES;
				ONLY_ACTIVE_ARCH = YES;
				SDKROOT = iphoneos;
				SWIFT_ACTIVE_COMPILATION_CONDITIONS = DEBUG;
				SWIFT_OPTIMIZATION_LEVEL = "-Onone";
			};
			name = Debug;
		};
		D9F1A9C825939BC3002F6D1E /* Release */ = {
			isa = XCBuildConfiguration;
			buildSettings = {
				ALWAYS_SEARCH_USER_PATHS = NO;
				CLANG_ANALYZER_NONNULL = YES;
				CLANG_ANALYZER_NUMBER_OBJECT_CONVERSION = YES_AGGRESSIVE;
				CLANG_CXX_LANGUAGE_STANDARD = "gnu++14";
				CLANG_CXX_LIBRARY = "libc++";
				CLANG_ENABLE_MODULES = YES;
				CLANG_ENABLE_OBJC_ARC = YES;
				CLANG_ENABLE_OBJC_WEAK = YES;
				CLANG_WARN_BLOCK_CAPTURE_AUTORELEASING = YES;
				CLANG_WARN_BOOL_CONVERSION = YES;
				CLANG_WARN_COMMA = YES;
				CLANG_WARN_CONSTANT_CONVERSION = YES;
				CLANG_WARN_DEPRECATED_OBJC_IMPLEMENTATIONS = YES;
				CLANG_WARN_DIRECT_OBJC_ISA_USAGE = YES_ERROR;
				CLANG_WARN_DOCUMENTATION_COMMENTS = YES;
				CLANG_WARN_EMPTY_BODY = YES;
				CLANG_WARN_ENUM_CONVERSION = YES;
				CLANG_WARN_INFINITE_RECURSION = YES;
				CLANG_WARN_INT_CONVERSION = YES;
				CLANG_WARN_NON_LITERAL_NULL_CONVERSION = YES;
				CLANG_WARN_OBJC_IMPLICIT_RETAIN_SELF = YES;
				CLANG_WARN_OBJC_LITERAL_CONVERSION = YES;
				CLANG_WARN_OBJC_ROOT_CLASS = YES_ERROR;
				CLANG_WARN_RANGE_LOOP_ANALYSIS = YES;
				CLANG_WARN_STRICT_PROTOTYPES = YES;
				CLANG_WARN_SUSPICIOUS_MOVE = YES;
				CLANG_WARN_UNGUARDED_AVAILABILITY = YES_AGGRESSIVE;
				CLANG_WARN_UNREACHABLE_CODE = YES;
				CLANG_WARN__DUPLICATE_METHOD_MATCH = YES;
				COPY_PHASE_STRIP = NO;
				DEBUG_INFORMATION_FORMAT = "dwarf-with-dsym";
				ENABLE_NS_ASSERTIONS = NO;
				ENABLE_STRICT_OBJC_MSGSEND = YES;
				GCC_C_LANGUAGE_STANDARD = gnu11;
				GCC_NO_COMMON_BLOCKS = YES;
				GCC_WARN_64_TO_32_BIT_CONVERSION = YES;
				GCC_WARN_ABOUT_RETURN_TYPE = YES_ERROR;
				GCC_WARN_UNDECLARED_SELECTOR = YES;
				GCC_WARN_UNINITIALIZED_AUTOS = YES_AGGRESSIVE;
				GCC_WARN_UNUSED_FUNCTION = YES;
				GCC_WARN_UNUSED_VARIABLE = YES;
				IPHONEOS_DEPLOYMENT_TARGET = 13.5;
				MTL_ENABLE_DEBUG_INFO = NO;
				MTL_FAST_MATH = YES;
				SDKROOT = iphoneos;
				SWIFT_COMPILATION_MODE = wholemodule;
				SWIFT_OPTIMIZATION_LEVEL = "-O";
				VALIDATE_PRODUCT = YES;
			};
			name = Release;
		};
		D9F1A9CA25939BC3002F6D1E /* Debug */ = {
			isa = XCBuildConfiguration;
			buildSettings = {
				ASSETCATALOG_COMPILER_APPICON_NAME = AppIcon;
				CODE_SIGN_STYLE = Automatic;
				DEVELOPMENT_TEAM = U7V3GJ2F4L;
				INFOPLIST_FILE = CodeChallenge/Info.plist;
				LD_RUNPATH_SEARCH_PATHS = (
					"$(inherited)",
					"@executable_path/Frameworks",
				);
				PRODUCT_BUNDLE_IDENTIFIER = dev.elhamoly.CodeChallenge;
				PRODUCT_NAME = "$(TARGET_NAME)";
				SWIFT_VERSION = 5.0;
				TARGETED_DEVICE_FAMILY = "1,2";
			};
			name = Debug;
		};
		D9F1A9CB25939BC3002F6D1E /* Release */ = {
			isa = XCBuildConfiguration;
			buildSettings = {
				ASSETCATALOG_COMPILER_APPICON_NAME = AppIcon;
				CODE_SIGN_STYLE = Automatic;
				DEVELOPMENT_TEAM = U7V3GJ2F4L;
				INFOPLIST_FILE = CodeChallenge/Info.plist;
				LD_RUNPATH_SEARCH_PATHS = (
					"$(inherited)",
					"@executable_path/Frameworks",
				);
				PRODUCT_BUNDLE_IDENTIFIER = dev.elhamoly.CodeChallenge;
				PRODUCT_NAME = "$(TARGET_NAME)";
				SWIFT_VERSION = 5.0;
				TARGETED_DEVICE_FAMILY = "1,2";
			};
			name = Release;
		};
		D9F1A9CD25939BC3002F6D1E /* Debug */ = {
			isa = XCBuildConfiguration;
			buildSettings = {
				ALWAYS_EMBED_SWIFT_STANDARD_LIBRARIES = YES;
				BUNDLE_LOADER = "$(TEST_HOST)";
				CODE_SIGN_STYLE = Automatic;
				DEVELOPMENT_TEAM = U7V3GJ2F4L;
				INFOPLIST_FILE = CodeChallengeTests/Info.plist;
				IPHONEOS_DEPLOYMENT_TARGET = 13.5;
				LD_RUNPATH_SEARCH_PATHS = (
					"$(inherited)",
					"@executable_path/Frameworks",
					"@loader_path/Frameworks",
				);
				PRODUCT_BUNDLE_IDENTIFIER = dev.elhamoly.CodeChallengeTests;
				PRODUCT_NAME = "$(TARGET_NAME)";
				SWIFT_VERSION = 5.0;
				TARGETED_DEVICE_FAMILY = "1,2";
				TEST_HOST = "$(BUILT_PRODUCTS_DIR)/CodeChallenge.app/CodeChallenge";
			};
			name = Debug;
		};
		D9F1A9CE25939BC3002F6D1E /* Release */ = {
			isa = XCBuildConfiguration;
			buildSettings = {
				ALWAYS_EMBED_SWIFT_STANDARD_LIBRARIES = YES;
				BUNDLE_LOADER = "$(TEST_HOST)";
				CODE_SIGN_STYLE = Automatic;
				DEVELOPMENT_TEAM = U7V3GJ2F4L;
				INFOPLIST_FILE = CodeChallengeTests/Info.plist;
				IPHONEOS_DEPLOYMENT_TARGET = 13.5;
				LD_RUNPATH_SEARCH_PATHS = (
					"$(inherited)",
					"@executable_path/Frameworks",
					"@loader_path/Frameworks",
				);
				PRODUCT_BUNDLE_IDENTIFIER = dev.elhamoly.CodeChallengeTests;
				PRODUCT_NAME = "$(TARGET_NAME)";
				SWIFT_VERSION = 5.0;
				TARGETED_DEVICE_FAMILY = "1,2";
				TEST_HOST = "$(BUILT_PRODUCTS_DIR)/CodeChallenge.app/CodeChallenge";
			};
			name = Release;
		};
/* End XCBuildConfiguration section */

/* Begin XCConfigurationList section */
		D9F1A9A525939BBB002F6D1E /* Build configuration list for PBXProject "CodeChallenge" */ = {
			isa = XCConfigurationList;
			buildConfigurations = (
				D9F1A9C725939BC3002F6D1E /* Debug */,
				D9F1A9C825939BC3002F6D1E /* Release */,
			);
			defaultConfigurationIsVisible = 0;
			defaultConfigurationName = Release;
		};
		D9F1A9C925939BC3002F6D1E /* Build configuration list for PBXNativeTarget "CodeChallenge" */ = {
			isa = XCConfigurationList;
			buildConfigurations = (
				D9F1A9CA25939BC3002F6D1E /* Debug */,
				D9F1A9CB25939BC3002F6D1E /* Release */,
			);
			defaultConfigurationIsVisible = 0;
			defaultConfigurationName = Release;
		};
		D9F1A9CC25939BC3002F6D1E /* Build configuration list for PBXNativeTarget "CodeChallengeTests" */ = {
			isa = XCConfigurationList;
			buildConfigurations = (
				D9F1A9CD25939BC3002F6D1E /* Debug */,
				D9F1A9CE25939BC3002F6D1E /* Release */,
			);
			defaultConfigurationIsVisible = 0;
			defaultConfigurationName = Release;
		};
/* End XCConfigurationList section */
	};
	rootObject = D9F1A9A225939BBB002F6D1E /* Project object */;
}
